
Microsoft Visual Studio Solution File, Format Version 12.00
# Visual Studio Version 16
VisualStudioVersion = 16.0.36324.18
MinimumVisualStudioVersion = 10.0.40219.1
Project("{FAE04EC0-301F-11D3-BF4B-00C04F79EFBC}") = "4", "4\4.csproj", "{8E831F28-233B-4CC0-B36C-591BD2A8DB6A}"
EndProject
Global
	GlobalSection(SolutionConfigurationPlatforms) = preSolution
		Debug|Any CPU = Debug|Any CPU
		Release|Any CPU = Release|Any CPU
	EndGlobalSection
	GlobalSection(ProjectConfigurationPlatforms) = postSolution
		{8E831F28-233B-4CC0-B36C-591BD2A8DB6A}.Debug|Any CPU.ActiveCfg = Debug|Any CPU
		{8E831F28-233B-4CC0-B36C-591BD2A8DB6A}.Debug|Any CPU.Build.0 = Debug|Any CPU
		{8E831F28-233B-4CC0-B36C-591BD2A8DB6A}.Release|Any CPU.ActiveCfg = Release|Any CPU
		{8E831F28-233B-4CC0-B36C-591BD2A8DB6A}.Release|Any CPU.Build.0 = Release|Any CPU
	EndGlobalSection
	GlobalSection(SolutionProperties) = preSolution
		HideSolutionNode = FALSE
	EndGlobalSection
	GlobalSection(ExtensibilityGlobals) = postSolution
		SolutionGuid = {20CBF82D-5DBA-44F1-9996-B2CE951D078F}
	EndGlobalSection
EndGlobal
