
Microsoft Visual Studio Solution File, Format Version 12.00
# Visual Studio Version 16
VisualStudioVersion = 16.0.36324.18
MinimumVisualStudioVersion = 10.0.40219.1
Project("{FAE04EC0-301F-11D3-BF4B-00C04F79EFBC}") = "7", "7\7.csproj", "{6B65FAB7-E817-4C1D-A382-10338AF144CD}"
EndProject
Global
	GlobalSection(SolutionConfigurationPlatforms) = preSolution
		Debug|Any CPU = Debug|Any CPU
		Release|Any CPU = Release|Any CPU
	EndGlobalSection
	GlobalSection(ProjectConfigurationPlatforms) = postSolution
		{6B65FAB7-E817-4C1D-A382-10338AF144CD}.Debug|Any CPU.ActiveCfg = Debug|Any CPU
		{6B65FAB7-E817-4C1D-A382-10338AF144CD}.Debug|Any CPU.Build.0 = Debug|Any CPU
		{6B65FAB7-E817-4C1D-A382-10338AF144CD}.Release|Any CPU.ActiveCfg = Release|Any CPU
		{6B65FAB7-E817-4C1D-A382-10338AF144CD}.Release|Any CPU.Build.0 = Release|Any CPU
	EndGlobalSection
	GlobalSection(SolutionProperties) = preSolution
		HideSolutionNode = FALSE
	EndGlobalSection
	GlobalSection(ExtensibilityGlobals) = postSolution
		SolutionGuid = {77DE9CF4-AE3F-4FE5-ABAB-A3823FA7BF18}
	EndGlobalSection
EndGlobal
