
Microsoft Visual Studio Solution File, Format Version 12.00
# Visual Studio Version 16
VisualStudioVersion = 16.0.36324.18
MinimumVisualStudioVersion = 10.0.40219.1
Project("{FAE04EC0-301F-11D3-BF4B-00C04F79EFBC}") = "1.1", "1.1\1.1.csproj", "{E3FC1666-3BF1-4957-BA04-7ED3E2DFD1F4}"
EndProject
Project("{FAE04EC0-301F-11D3-BF4B-00C04F79EFBC}") = "1.2", "1.2\1.2.csproj", "{A8CFB352-1156-45A2-B249-761C27949577}"
EndProject
Project("{FAE04EC0-301F-11D3-BF4B-00C04F79EFBC}") = "1.3", "1.3\1.3.csproj", "{D3291A52-FA63-4834-9357-E4435E185D12}"
EndProject
Project("{FAE04EC0-301F-11D3-BF4B-00C04F79EFBC}") = "1.4", "1.4\1.4.csproj", "{5FD0AD4D-1A8A-429E-A95F-DFD04FF91D72}"
EndProject
Project("{FAE04EC0-301F-11D3-BF4B-00C04F79EFBC}") = "2.1", "2.1\2.1.csproj", "{27EB46B0-6DBD-4B1B-99B1-7352A0078DB0}"
EndProject
Project("{FAE04EC0-301F-11D3-BF4B-00C04F79EFBC}") = "2.2", "2.2\2.2.csproj", "{CBEAC48B-56B6-4DD5-901D-AB3EBC725B4B}"
EndProject
Project("{FAE04EC0-301F-11D3-BF4B-00C04F79EFBC}") = "3", "3\3.csproj", "{9C0E0723-0C06-443C-921A-19EF33D83FC9}"
EndProject
Project("{FAE04EC0-301F-11D3-BF4B-00C04F79EFBC}") = "4", "4.1\4.csproj", "{D5199696-246F-44B2-99B5-A3EC325E856E}"
EndProject
Project("{FAE04EC0-301F-11D3-BF4B-00C04F79EFBC}") = "5", "5\5.csproj", "{A0845F41-CB46-4463-BA3D-DDFDB4BE9C6E}"
EndProject
Project("{FAE04EC0-301F-11D3-BF4B-00C04F79EFBC}") = "6", "6\6.csproj", "{191622FF-EE7A-445A-8FBC-0EC55FFF3B64}"
EndProject
Global
	GlobalSection(SolutionConfigurationPlatforms) = preSolution
		Debug|Any CPU = Debug|Any CPU
		Release|Any CPU = Release|Any CPU
	EndGlobalSection
	GlobalSection(ProjectConfigurationPlatforms) = postSolution
		{E3FC1666-3BF1-4957-BA04-7ED3E2DFD1F4}.Debug|Any CPU.ActiveCfg = Debug|Any CPU
		{E3FC1666-3BF1-4957-BA04-7ED3E2DFD1F4}.Debug|Any CPU.Build.0 = Debug|Any CPU
		{E3FC1666-3BF1-4957-BA04-7ED3E2DFD1F4}.Release|Any CPU.ActiveCfg = Release|Any CPU
		{E3FC1666-3BF1-4957-BA04-7ED3E2DFD1F4}.Release|Any CPU.Build.0 = Release|Any CPU
		{A8CFB352-1156-45A2-B249-761C27949577}.Debug|Any CPU.ActiveCfg = Debug|Any CPU
		{A8CFB352-1156-45A2-B249-761C27949577}.Debug|Any CPU.Build.0 = Debug|Any CPU
		{A8CFB352-1156-45A2-B249-761C27949577}.Release|Any CPU.ActiveCfg = Release|Any CPU
		{A8CFB352-1156-45A2-B249-761C27949577}.Release|Any CPU.Build.0 = Release|Any CPU
		{D3291A52-FA63-4834-9357-E4435E185D12}.Debug|Any CPU.ActiveCfg = Debug|Any CPU
		{D3291A52-FA63-4834-9357-E4435E185D12}.Debug|Any CPU.Build.0 = Debug|Any CPU
		{D3291A52-FA63-4834-9357-E4435E185D12}.Release|Any CPU.ActiveCfg = Release|Any CPU
		{D3291A52-FA63-4834-9357-E4435E185D12}.Release|Any CPU.Build.0 = Release|Any CPU
		{5FD0AD4D-1A8A-429E-A95F-DFD04FF91D72}.Debug|Any CPU.ActiveCfg = Debug|Any CPU
		{5FD0AD4D-1A8A-429E-A95F-DFD04FF91D72}.Debug|Any CPU.Build.0 = Debug|Any CPU
		{5FD0AD4D-1A8A-429E-A95F-DFD04FF91D72}.Release|Any CPU.ActiveCfg = Release|Any CPU
		{5FD0AD4D-1A8A-429E-A95F-DFD04FF91D72}.Release|Any CPU.Build.0 = Release|Any CPU
		{27EB46B0-6DBD-4B1B-99B1-7352A0078DB0}.Debug|Any CPU.ActiveCfg = Debug|Any CPU
		{27EB46B0-6DBD-4B1B-99B1-7352A0078DB0}.Debug|Any CPU.Build.0 = Debug|Any CPU
		{27EB46B0-6DBD-4B1B-99B1-7352A0078DB0}.Release|Any CPU.ActiveCfg = Release|Any CPU
		{27EB46B0-6DBD-4B1B-99B1-7352A0078DB0}.Release|Any CPU.Build.0 = Release|Any CPU
		{CBEAC48B-56B6-4DD5-901D-AB3EBC725B4B}.Debug|Any CPU.ActiveCfg = Debug|Any CPU
		{CBEAC48B-56B6-4DD5-901D-AB3EBC725B4B}.Debug|Any CPU.Build.0 = Debug|Any CPU
		{CBEAC48B-56B6-4DD5-901D-AB3EBC725B4B}.Release|Any CPU.ActiveCfg = Release|Any CPU
		{CBEAC48B-56B6-4DD5-901D-AB3EBC725B4B}.Release|Any CPU.Build.0 = Release|Any CPU
		{9C0E0723-0C06-443C-921A-19EF33D83FC9}.Debug|Any CPU.ActiveCfg = Debug|Any CPU
		{9C0E0723-0C06-443C-921A-19EF33D83FC9}.Debug|Any CPU.Build.0 = Debug|Any CPU
		{9C0E0723-0C06-443C-921A-19EF33D83FC9}.Release|Any CPU.ActiveCfg = Release|Any CPU
		{9C0E0723-0C06-443C-921A-19EF33D83FC9}.Release|Any CPU.Build.0 = Release|Any CPU
		{D5199696-246F-44B2-99B5-A3EC325E856E}.Debug|Any CPU.ActiveCfg = Debug|Any CPU
		{D5199696-246F-44B2-99B5-A3EC325E856E}.Debug|Any CPU.Build.0 = Debug|Any CPU
		{D5199696-246F-44B2-99B5-A3EC325E856E}.Release|Any CPU.ActiveCfg = Release|Any CPU
		{D5199696-246F-44B2-99B5-A3EC325E856E}.Release|Any CPU.Build.0 = Release|Any CPU
		{A0845F41-CB46-4463-BA3D-DDFDB4BE9C6E}.Debug|Any CPU.ActiveCfg = Debug|Any CPU
		{A0845F41-CB46-4463-BA3D-DDFDB4BE9C6E}.Debug|Any CPU.Build.0 = Debug|Any CPU
		{A0845F41-CB46-4463-BA3D-DDFDB4BE9C6E}.Release|Any CPU.ActiveCfg = Release|Any CPU
		{A0845F41-CB46-4463-BA3D-DDFDB4BE9C6E}.Release|Any CPU.Build.0 = Release|Any CPU
		{191622FF-EE7A-445A-8FBC-0EC55FFF3B64}.Debug|Any CPU.ActiveCfg = Debug|Any CPU
		{191622FF-EE7A-445A-8FBC-0EC55FFF3B64}.Debug|Any CPU.Build.0 = Debug|Any CPU
		{191622FF-EE7A-445A-8FBC-0EC55FFF3B64}.Release|Any CPU.ActiveCfg = Release|Any CPU
		{191622FF-EE7A-445A-8FBC-0EC55FFF3B64}.Release|Any CPU.Build.0 = Release|Any CPU
	EndGlobalSection
	GlobalSection(SolutionProperties) = preSolution
		HideSolutionNode = FALSE
	EndGlobalSection
	GlobalSection(ExtensibilityGlobals) = postSolution
		SolutionGuid = {F72611A6-B979-41B2-93AA-6D9F5B0714B2}
	EndGlobalSection
EndGlobal
